{
  "name": "Typescript_calculator",
  "version": "1.0.0",
  "lockfileVersion": 2,
  "requires": true,
  "packages": {
    "": {
      "name": "Typescript_calculator",
      "version": "1.0.0",
      "dependencies": {
        "@types/argparse": "^2.0.10",
        "argparse": "^2.0.1"
      },
      "devDependencies": {
        "typescript": "^4.9.5"
      }
    },
    "node_modules/@types/argparse": {
      "version": "2.0.10",
      "resolved": "https://registry.npmjs.org/@types/argparse/-/argparse-2.0.10.tgz",
      "integrity": "sha512-C4wahC3gz3vQtvPazrJ5ONwmK1zSDllQboiWvpMM/iOswCYfBREFnjFbq/iWKIVOCl8+m5Pk6eva6/ZSsDuIGA=="
    },
    "node_modules/argparse": {
      "version": "2.0.1",
      "resolved": "https://registry.npmjs.org/argparse/-/argparse-2.0.1.tgz",
      "integrity": "sha512-8+9WqebbFzpX9OR+Wa6O29asIogeRMzcGtAINdpMHHyAg10f05aSFVBbcEqGf/PXw1EjAZ+q2/bEBg3DvurK3Q=="
    },
    "node_modules/typescript": {
      "version": "4.9.5",
      "resolved": "https://registry.npmjs.org/typescript/-/typescript-4.9.5.tgz",
      "integrity": "sha512-1FXk9E2Hm+QzZQ7z+McJiHL4NW1F2EzMu9Nq9i3zAaGqibafqYwCVU6WyWAuyQRRzOlxou8xZSyXLEN8oKj24g==",
      "dev": true,
      "bin": {
        "tsc": "bin/tsc",
        "tsserver": "bin/tsserver"
      },
      "engines": {
        "node": ">=4.2.0"
      }
    }
  },
  "dependencies": {
    "@types/argparse": {
      "version": "2.0.10",
      "resolved": "https://registry.npmjs.org/@types/argparse/-/argparse-2.0.10.tgz",
      "integrity": "sha512-C4wahC3gz3vQtvPazrJ5ONwmK1zSDllQboiWvpMM/iOswCYfBREFnjFbq/iWKIVOCl8+m5Pk6eva6/ZSsDuIGA=="
    },
    "argparse": {
      "version": "2.0.1",
      "resolved": "https://registry.npmjs.org/argparse/-/argparse-2.0.1.tgz",
      "integrity": "sha512-8+9WqebbFzpX9OR+Wa6O29asIogeRMzcGtAINdpMHHyAg10f05aSFVBbcEqGf/PXw1EjAZ+q2/bEBg3DvurK3Q=="
    },
    "typescript": {
      "version": "4.9.5",
      "resolved": "https://registry.npmjs.org/typescript/-/typescript-4.9.5.tgz",
      "integrity": "sha512-1FXk9E2Hm+QzZQ7z+McJiHL4NW1F2EzMu9Nq9i3zAaGqibafqYwCVU6WyWAuyQRRzOlxou8xZSyXLEN8oKj24g==",
      "dev": true
    }
  }
}
